// !$*UTF8*$!
{
	archiveVersion = 1;
	classes = {
	};
	objectVersion = 56;
	objects = {

/* Begin PBXBuildFile section */
		4E2B5A0E2B35DF4300BA083B /* BirdStackView.swift in Sources */ = {isa = PBXBuildFile; fileRef = 4E2B5A0D2B35DF4300BA083B /* BirdStackView.swift */; };
		4E2EDFFE2B31B01400BBAA42 /* BirdsListView.swift in Sources */ = {isa = PBXBuildFile; fileRef = 4E2EDFFD2B31B01400BBAA42 /* BirdsListView.swift */; };
		4E2EE0002B31C74600BBAA42 /* Bird.swift in Sources */ = {isa = PBXBuildFile; fileRef = 4E2EDFFF2B31C74600BBAA42 /* Bird.swift */; };
		4EDB4A622B04E50C0041D060 /* Special_ParakeetApp.swift in Sources */ = {isa = PBXBuildFile; fileRef = 4EDB4A612B04E50C0041D060 /* Special_ParakeetApp.swift */; };
		4EDB4A642B04E50C0041D060 /* ContentView.swift in Sources */ = {isa = PBXBuildFile; fileRef = 4EDB4A632B04E50C0041D060 /* ContentView.swift */; };
		4EDB4A662B04E50D0041D060 /* Assets.xcassets in Resources */ = {isa = PBXBuildFile; fileRef = 4EDB4A652B04E50D0041D060 /* Assets.xcassets */; };
		4EDB4A692B04E50D0041D060 /* Preview Assets.xcassets in Resources */ = {isa = PBXBuildFile; fileRef = 4EDB4A682B04E50D0041D060 /* Preview Assets.xcassets */; };
		4EDB4A732B04E50D0041D060 /* Special_ParakeetTests.swift in Sources */ = {isa = PBXBuildFile; fileRef = 4EDB4A722B04E50D0041D060 /* Special_ParakeetTests.swift */; };
		4EDB4A7D2B04E50D0041D060 /* Special_ParakeetUITests.swift in Sources */ = {isa = PBXBuildFile; fileRef = 4EDB4A7C2B04E50D0041D060 /* Special_ParakeetUITests.swift */; };
		4EDB4A7F2B04E50D0041D060 /* Special_ParakeetUITestsLaunchTests.swift in Sources */ = {isa = PBXBuildFile; fileRef = 4EDB4A7E2B04E50D0041D060 /* Special_ParakeetUITestsLaunchTests.swift */; };
		4EDB4A8C2B04E8FC0041D060 /* HorizontalBarView.swift in Sources */ = {isa = PBXBuildFile; fileRef = 4EDB4A8B2B04E8FC0041D060 /* HorizontalBarView.swift */; };
		4EE31D812B3C507200E60F00 /* BirdDetailView.swift in Sources */ = {isa = PBXBuildFile; fileRef = 4EE31D802B3C507200E60F00 /* BirdDetailView.swift */; };
		4EE31D832B3ED9C200E60F00 /* BirdDetailViewUITests.swift in Sources */ = {isa = PBXBuildFile; fileRef = 4EE31D822B3ED9C200E60F00 /* BirdDetailViewUITests.swift */; };
/* End PBXBuildFile section */

/* Begin PBXContainerItemProxy section */
		4EDB4A6F2B04E50D0041D060 /* PBXContainerItemProxy */ = {
			isa = PBXContainerItemProxy;
			containerPortal = 4EDB4A562B04E50C0041D060 /* Project object */;
			proxyType = 1;
			remoteGlobalIDString = 4EDB4A5D2B04E50C0041D060;
			remoteInfo = "Special Parakeet";
		};
		4EDB4A792B04E50D0041D060 /* PBXContainerItemProxy */ = {
			isa = PBXContainerItemProxy;
			containerPortal = 4EDB4A562B04E50C0041D060 /* Project object */;
			proxyType = 1;
			remoteGlobalIDString = 4EDB4A5D2B04E50C0041D060;
			remoteInfo = "Special Parakeet";
		};
/* End PBXContainerItemProxy section */

/* Begin PBXFileReference section */
		4E2B5A0D2B35DF4300BA083B /* BirdStackView.swift */ = {isa = PBXFileReference; lastKnownFileType = sourcecode.swift; path = BirdStackView.swift; sourceTree = "<group>"; };
		4E2EDFFD2B31B01400BBAA42 /* BirdsListView.swift */ = {isa = PBXFileReference; lastKnownFileType = sourcecode.swift; path = BirdsListView.swift; sourceTree = "<group>"; };
		4E2EDFFF2B31C74600BBAA42 /* Bird.swift */ = {isa = PBXFileReference; lastKnownFileType = sourcecode.swift; path = Bird.swift; sourceTree = "<group>"; };
		4EDB4A5E2B04E50C0041D060 /* Special Parakeet.app */ = {isa = PBXFileReference; explicitFileType = wrapper.application; includeInIndex = 0; path = "Special Parakeet.app"; sourceTree = BUILT_PRODUCTS_DIR; };
		4EDB4A612B04E50C0041D060 /* Special_ParakeetApp.swift */ = {isa = PBXFileReference; lastKnownFileType = sourcecode.swift; path = Special_ParakeetApp.swift; sourceTree = "<group>"; };
		4EDB4A632B04E50C0041D060 /* ContentView.swift */ = {isa = PBXFileReference; lastKnownFileType = sourcecode.swift; path = ContentView.swift; sourceTree = "<group>"; };
		4EDB4A652B04E50D0041D060 /* Assets.xcassets */ = {isa = PBXFileReference; lastKnownFileType = folder.assetcatalog; path = Assets.xcassets; sourceTree = "<group>"; };
		4EDB4A682B04E50D0041D060 /* Preview Assets.xcassets */ = {isa = PBXFileReference; lastKnownFileType = folder.assetcatalog; path = "Preview Assets.xcassets"; sourceTree = "<group>"; };
		4EDB4A6E2B04E50D0041D060 /* Special ParakeetTests.xctest */ = {isa = PBXFileReference; explicitFileType = wrapper.cfbundle; includeInIndex = 0; path = "Special ParakeetTests.xctest"; sourceTree = BUILT_PRODUCTS_DIR; };
		4EDB4A722B04E50D0041D060 /* Special_ParakeetTests.swift */ = {isa = PBXFileReference; lastKnownFileType = sourcecode.swift; path = Special_ParakeetTests.swift; sourceTree = "<group>"; };
		4EDB4A782B04E50D0041D060 /* Special ParakeetUITests.xctest */ = {isa = PBXFileReference; explicitFileType = wrapper.cfbundle; includeInIndex = 0; path = "Special ParakeetUITests.xctest"; sourceTree = BUILT_PRODUCTS_DIR; };
		4EDB4A7C2B04E50D0041D060 /* Special_ParakeetUITests.swift */ = {isa = PBXFileReference; lastKnownFileType = sourcecode.swift; path = Special_ParakeetUITests.swift; sourceTree = "<group>"; };
		4EDB4A7E2B04E50D0041D060 /* Special_ParakeetUITestsLaunchTests.swift */ = {isa = PBXFileReference; lastKnownFileType = sourcecode.swift; path = Special_ParakeetUITestsLaunchTests.swift; sourceTree = "<group>"; };
		4EDB4A8B2B04E8FC0041D060 /* HorizontalBarView.swift */ = {isa = PBXFileReference; lastKnownFileType = sourcecode.swift; path = HorizontalBarView.swift; sourceTree = "<group>"; };
		4EE31D802B3C507200E60F00 /* BirdDetailView.swift */ = {isa = PBXFileReference; lastKnownFileType = sourcecode.swift; path = BirdDetailView.swift; sourceTree = "<group>"; };
		4EE31D822B3ED9C200E60F00 /* BirdDetailViewUITests.swift */ = {isa = PBXFileReference; lastKnownFileType = sourcecode.swift; name = BirdDetailViewUITests.swift; path = "Special ParakeetUITests/BirdDetailViewUITests.swift"; sourceTree = SOURCE_ROOT; };
/* End PBXFileReference section */

/* Begin PBXFrameworksBuildPhase section */
		4EDB4A5B2B04E50C0041D060 /* Frameworks */ = {
			isa = PBXFrameworksBuildPhase;
			buildActionMask = 2147483647;
			files = (
			);
			runOnlyForDeploymentPostprocessing = 0;
		};
		4EDB4A6B2B04E50D0041D060 /* Frameworks */ = {
			isa = PBXFrameworksBuildPhase;
			buildActionMask = 2147483647;
			files = (
			);
			runOnlyForDeploymentPostprocessing = 0;
		};
		4EDB4A752B04E50D0041D060 /* Frameworks */ = {
			isa = PBXFrameworksBuildPhase;
			buildActionMask = 2147483647;
			files = (
			);
			runOnlyForDeploymentPostprocessing = 0;
		};
/* End PBXFrameworksBuildPhase section */

/* Begin PBXGroup section */
		4EDB4A552B04E50C0041D060 = {
			isa = PBXGroup;
			children = (
				4EDB4A602B04E50C0041D060 /* Special Parakeet */,
				4EDB4A712B04E50D0041D060 /* Special ParakeetTests */,
				4EDB4A7B2B04E50D0041D060 /* Special ParakeetUITests */,
				4EDB4A5F2B04E50C0041D060 /* Products */,
			);
			sourceTree = "<group>";
		};
		4EDB4A5F2B04E50C0041D060 /* Products */ = {
			isa = PBXGroup;
			children = (
				4EDB4A5E2B04E50C0041D060 /* Special Parakeet.app */,
				4EDB4A6E2B04E50D0041D060 /* Special ParakeetTests.xctest */,
				4EDB4A782B04E50D0041D060 /* Special ParakeetUITests.xctest */,
			);
			name = Products;
			sourceTree = "<group>";
		};
		4EDB4A602B04E50C0041D060 /* Special Parakeet */ = {
			isa = PBXGroup;
			children = (
				4EDB4A612B04E50C0041D060 /* Special_ParakeetApp.swift */,
				4EDB4A632B04E50C0041D060 /* ContentView.swift */,
				4E2EDFFD2B31B01400BBAA42 /* BirdsListView.swift */,
				4E2B5A0D2B35DF4300BA083B /* BirdStackView.swift */,
				4EE31D802B3C507200E60F00 /* BirdDetailView.swift */,
				4E2EDFFF2B31C74600BBAA42 /* Bird.swift */,
				4EDB4A8B2B04E8FC0041D060 /* HorizontalBarView.swift */,
				4EDB4A652B04E50D0041D060 /* Assets.xcassets */,
				4EDB4A672B04E50D0041D060 /* Preview Content */,
			);
			path = "Special Parakeet";
			sourceTree = "<group>";
		};
		4EDB4A672B04E50D0041D060 /* Preview Content */ = {
			isa = PBXGroup;
			children = (
				4EDB4A682B04E50D0041D060 /* Preview Assets.xcassets */,
			);
			path = "Preview Content";
			sourceTree = "<group>";
		};
		4EDB4A712B04E50D0041D060 /* Special ParakeetTests */ = {
			isa = PBXGroup;
			children = (
				4EDB4A722B04E50D0041D060 /* Special_ParakeetTests.swift */,
			);
			path = "Special ParakeetTests";
			sourceTree = "<group>";
		};
		4EDB4A7B2B04E50D0041D060 /* Special ParakeetUITests */ = {
			isa = PBXGroup;
			children = (
				4EDB4A7C2B04E50D0041D060 /* Special_ParakeetUITests.swift */,
				4EE31D822B3ED9C200E60F00 /* BirdDetailViewUITests.swift */,
				4EDB4A7E2B04E50D0041D060 /* Special_ParakeetUITestsLaunchTests.swift */,
			);
			path = "Special ParakeetUITests";
			sourceTree = "<group>";
		};
/* End PBXGroup section */

/* Begin PBXNativeTarget section */
		4EDB4A5D2B04E50C0041D060 /* Special Parakeet */ = {
			isa = PBXNativeTarget;
			buildConfigurationList = 4EDB4A822B04E50D0041D060 /* Build configuration list for PBXNativeTarget "Special Parakeet" */;
			buildPhases = (
				4EDB4A5A2B04E50C0041D060 /* Sources */,
				4EDB4A5B2B04E50C0041D060 /* Frameworks */,
				4EDB4A5C2B04E50C0041D060 /* Resources */,
			);
			buildRules = (
			);
			dependencies = (
			);
			name = "Special Parakeet";
			productName = "Special Parakeet";
			productReference = 4EDB4A5E2B04E50C0041D060 /* Special Parakeet.app */;
			productType = "com.apple.product-type.application";
		};
		4EDB4A6D2B04E50D0041D060 /* Special ParakeetTests */ = {
			isa = PBXNativeTarget;
			buildConfigurationList = 4EDB4A852B04E50D0041D060 /* Build configuration list for PBXNativeTarget "Special ParakeetTests" */;
			buildPhases = (
				4EDB4A6A2B04E50D0041D060 /* Sources */,
				4EDB4A6B2B04E50D0041D060 /* Frameworks */,
				4EDB4A6C2B04E50D0041D060 /* Resources */,
			);
			buildRules = (
			);
			dependencies = (
				4EDB4A702B04E50D0041D060 /* PBXTargetDependency */,
			);
			name = "Special ParakeetTests";
			productName = "Special ParakeetTests";
			productReference = 4EDB4A6E2B04E50D0041D060 /* Special ParakeetTests.xctest */;
			productType = "com.apple.product-type.bundle.unit-test";
		};
		4EDB4A772B04E50D0041D060 /* Special ParakeetUITests */ = {
			isa = PBXNativeTarget;
			buildConfigurationList = 4EDB4A882B04E50D0041D060 /* Build configuration list for PBXNativeTarget "Special ParakeetUITests" */;
			buildPhases = (
				4EDB4A742B04E50D0041D060 /* Sources */,
				4EDB4A752B04E50D0041D060 /* Frameworks */,
				4EDB4A762B04E50D0041D060 /* Resources */,
			);
			buildRules = (
			);
			dependencies = (
				4EDB4A7A2B04E50D0041D060 /* PBXTargetDependency */,
			);
			name = "Special ParakeetUITests";
			productName = "Special ParakeetUITests";
			productReference = 4EDB4A782B04E50D0041D060 /* Special ParakeetUITests.xctest */;
			productType = "com.apple.product-type.bundle.ui-testing";
		};
/* End PBXNativeTarget section */

/* Begin PBXProject section */
		4EDB4A562B04E50C0041D060 /* Project object */ = {
			isa = PBXProject;
			attributes = {
				BuildIndependentTargetsInParallel = 1;
				LastSwiftUpdateCheck = 1500;
				LastUpgradeCheck = 1500;
				TargetAttributes = {
					4EDB4A5D2B04E50C0041D060 = {
						CreatedOnToolsVersion = 15.0.1;
					};
					4EDB4A6D2B04E50D0041D060 = {
						CreatedOnToolsVersion = 15.0.1;
						TestTargetID = 4EDB4A5D2B04E50C0041D060;
					};
					4EDB4A772B04E50D0041D060 = {
						CreatedOnToolsVersion = 15.0.1;
						TestTargetID = 4EDB4A5D2B04E50C0041D060;
					};
				};
			};
			buildConfigurationList = 4EDB4A592B04E50C0041D060 /* Build configuration list for PBXProject "Special Parakeet" */;
			compatibilityVersion = "Xcode 14.0";
			developmentRegion = en;
			hasScannedForEncodings = 0;
			knownRegions = (
				en,
				Base,
			);
			mainGroup = 4EDB4A552B04E50C0041D060;
			productRefGroup = 4EDB4A5F2B04E50C0041D060 /* Products */;
			projectDirPath = "";
			projectRoot = "";
			targets = (
				4EDB4A5D2B04E50C0041D060 /* Special Parakeet */,
				4EDB4A6D2B04E50D0041D060 /* Special ParakeetTests */,
				4EDB4A772B04E50D0041D060 /* Special ParakeetUITests */,
			);
		};
/* End PBXProject section */

/* Begin PBXResourcesBuildPhase section */
		4EDB4A5C2B04E50C0041D060 /* Resources */ = {
			isa = PBXResourcesBuildPhase;
			buildActionMask = 2147483647;
			files = (
				4EDB4A692B04E50D0041D060 /* Preview Assets.xcassets in Resources */,
				4EDB4A662B04E50D0041D060 /* Assets.xcassets in Resources */,
			);
			runOnlyForDeploymentPostprocessing = 0;
		};
		4EDB4A6C2B04E50D0041D060 /* Resources */ = {
			isa = PBXResourcesBuildPhase;
			buildActionMask = 2147483647;
			files = (
			);
			runOnlyForDeploymentPostprocessing = 0;
		};
		4EDB4A762B04E50D0041D060 /* Resources */ = {
			isa = PBXResourcesBuildPhase;
			buildActionMask = 2147483647;
			files = (
			);
			runOnlyForDeploymentPostprocessing = 0;
		};
/* End PBXResourcesBuildPhase section */

/* Begin PBXSourcesBuildPhase section */
		4EDB4A5A2B04E50C0041D060 /* Sources */ = {
			isa = PBXSourcesBuildPhase;
			buildActionMask = 2147483647;
			files = (
				4EDB4A642B04E50C0041D060 /* ContentView.swift in Sources */,
				4E2EE0002B31C74600BBAA42 /* Bird.swift in Sources */,
				4E2B5A0E2B35DF4300BA083B /* BirdStackView.swift in Sources */,
				4E2EDFFE2B31B01400BBAA42 /* BirdsListView.swift in Sources */,
				4EE31D812B3C507200E60F00 /* BirdDetailView.swift in Sources */,
				4EDB4A622B04E50C0041D060 /* Special_ParakeetApp.swift in Sources */,
				4EDB4A8C2B04E8FC0041D060 /* HorizontalBarView.swift in Sources */,
			);
			runOnlyForDeploymentPostprocessing = 0;
		};
		4EDB4A6A2B04E50D0041D060 /* Sources */ = {
			isa = PBXSourcesBuildPhase;
			buildActionMask = 2147483647;
			files = (
				4EDB4A732B04E50D0041D060 /* Special_ParakeetTests.swift in Sources */,
			);
			runOnlyForDeploymentPostprocessing = 0;
		};
		4EDB4A742B04E50D0041D060 /* Sources */ = {
			isa = PBXSourcesBuildPhase;
			buildActionMask = 2147483647;
			files = (
				4EDB4A7D2B04E50D0041D060 /* Special_ParakeetUITests.swift in Sources */,
				4EE31D832B3ED9C200E60F00 /* BirdDetailViewUITests.swift in Sources */,
				4EDB4A7F2B04E50D0041D060 /* Special_ParakeetUITestsLaunchTests.swift in Sources */,
			);
			runOnlyForDeploymentPostprocessing = 0;
		};
/* End PBXSourcesBuildPhase section */

/* Begin PBXTargetDependency section */
		4EDB4A702B04E50D0041D060 /* PBXTargetDependency */ = {
			isa = PBXTargetDependency;
			target = 4EDB4A5D2B04E50C0041D060 /* Special Parakeet */;
			targetProxy = 4EDB4A6F2B04E50D0041D060 /* PBXContainerItemProxy */;
		};
		4EDB4A7A2B04E50D0041D060 /* PBXTargetDependency */ = {
			isa = PBXTargetDependency;
			target = 4EDB4A5D2B04E50C0041D060 /* Special Parakeet */;
			targetProxy = 4EDB4A792B04E50D0041D060 /* PBXContainerItemProxy */;
		};
/* End PBXTargetDependency section */

/* Begin XCBuildConfiguration section */
		4EDB4A802B04E50D0041D060 /* Debug */ = {
			isa = XCBuildConfiguration;
			buildSettings = {
				ALWAYS_SEARCH_USER_PATHS = NO;
				ASSETCATALOG_COMPILER_GENERATE_SWIFT_ASSET_SYMBOL_EXTENSIONS = YES;
				CLANG_ANALYZER_NONNULL = YES;
				CLANG_ANALYZER_NUMBER_OBJECT_CONVERSION = YES_AGGRESSIVE;
				CLANG_CXX_LANGUAGE_STANDARD = "gnu++20";
				CLANG_ENABLE_MODULES = YES;
				CLANG_ENABLE_OBJC_ARC = YES;
				CLANG_ENABLE_OBJC_WEAK = YES;
				CLANG_WARN_BLOCK_CAPTURE_AUTORELEASING = YES;
				CLANG_WARN_BOOL_CONVERSION = YES;
				CLANG_WARN_COMMA = YES;
				CLANG_WARN_CONSTANT_CONVERSION = YES;
				CLANG_WARN_DEPRECATED_OBJC_IMPLEMENTATIONS = YES;
				CLANG_WARN_DIRECT_OBJC_ISA_USAGE = YES_ERROR;
				CLANG_WARN_DOCUMENTATION_COMMENTS = YES;
				CLANG_WARN_EMPTY_BODY = YES;
				CLANG_WARN_ENUM_CONVERSION = YES;
				CLANG_WARN_INFINITE_RECURSION = YES;
				CLANG_WARN_INT_CONVERSION = YES;
				CLANG_WARN_NON_LITERAL_NULL_CONVERSION = YES;
				CLANG_WARN_OBJC_IMPLICIT_RETAIN_SELF = YES;
				CLANG_WARN_OBJC_LITERAL_CONVERSION = YES;
				CLANG_WARN_OBJC_ROOT_CLASS = YES_ERROR;
				CLANG_WARN_QUOTED_INCLUDE_IN_FRAMEWORK_HEADER = YES;
				CLANG_WARN_RANGE_LOOP_ANALYSIS = YES;
				CLANG_WARN_STRICT_PROTOTYPES = YES;
				CLANG_WARN_SUSPICIOUS_MOVE = YES;
				CLANG_WARN_UNGUARDED_AVAILABILITY = YES_AGGRESSIVE;
				CLANG_WARN_UNREACHABLE_CODE = YES;
				CLANG_WARN__DUPLICATE_METHOD_MATCH = YES;
				COPY_PHASE_STRIP = NO;
				DEBUG_INFORMATION_FORMAT = dwarf;
				ENABLE_STRICT_OBJC_MSGSEND = YES;
				ENABLE_TESTABILITY = YES;
				ENABLE_USER_SCRIPT_SANDBOXING = YES;
				GCC_C_LANGUAGE_STANDARD = gnu17;
				GCC_DYNAMIC_NO_PIC = NO;
				GCC_NO_COMMON_BLOCKS = YES;
				GCC_OPTIMIZATION_LEVEL = 0;
				GCC_PREPROCESSOR_DEFINITIONS = (
					"DEBUG=1",
					"$(inherited)",
				);
				GCC_WARN_64_TO_32_BIT_CONVERSION = YES;
				GCC_WARN_ABOUT_RETURN_TYPE = YES_ERROR;
				GCC_WARN_UNDECLARED_SELECTOR = YES;
				GCC_WARN_UNINITIALIZED_AUTOS = YES_AGGRESSIVE;
				GCC_WARN_UNUSED_FUNCTION = YES;
				GCC_WARN_UNUSED_VARIABLE = YES;
				IPHONEOS_DEPLOYMENT_TARGET = 17.0;
				LOCALIZATION_PREFERS_STRING_CATALOGS = YES;
				MTL_ENABLE_DEBUG_INFO = INCLUDE_SOURCE;
				MTL_FAST_MATH = YES;
				ONLY_ACTIVE_ARCH = YES;
				SDKROOT = iphoneos;
				SWIFT_ACTIVE_COMPILATION_CONDITIONS = "DEBUG $(inherited)";
				SWIFT_OPTIMIZATION_LEVEL = "-Onone";
			};
			name = Debug;
		};
		4EDB4A812B04E50D0041D060 /* Release */ = {
			isa = XCBuildConfiguration;
			buildSettings = {
				ALWAYS_SEARCH_USER_PATHS = NO;
				ASSETCATALOG_COMPILER_GENERATE_SWIFT_ASSET_SYMBOL_EXTENSIONS = YES;
				CLANG_ANALYZER_NONNULL = YES;
				CLANG_ANALYZER_NUMBER_OBJECT_CONVERSION = YES_AGGRESSIVE;
				CLANG_CXX_LANGUAGE_STANDARD = "gnu++20";
				CLANG_ENABLE_MODULES = YES;
				CLANG_ENABLE_OBJC_ARC = YES;
				CLANG_ENABLE_OBJC_WEAK = YES;
				CLANG_WARN_BLOCK_CAPTURE_AUTORELEASING = YES;
				CLANG_WARN_BOOL_CONVERSION = YES;
				CLANG_WARN_COMMA = YES;
				CLANG_WARN_CONSTANT_CONVERSION = YES;
				CLANG_WARN_DEPRECATED_OBJC_IMPLEMENTATIONS = YES;
				CLANG_WARN_DIRECT_OBJC_ISA_USAGE = YES_ERROR;
				CLANG_WARN_DOCUMENTATION_COMMENTS = YES;
				CLANG_WARN_EMPTY_BODY = YES;
				CLANG_WARN_ENUM_CONVERSION = YES;
				CLANG_WARN_INFINITE_RECURSION = YES;
				CLANG_WARN_INT_CONVERSION = YES;
				CLANG_WARN_NON_LITERAL_NULL_CONVERSION = YES;
				CLANG_WARN_OBJC_IMPLICIT_RETAIN_SELF = YES;
				CLANG_WARN_OBJC_LITERAL_CONVERSION = YES;
				CLANG_WARN_OBJC_ROOT_CLASS = YES_ERROR;
				CLANG_WARN_QUOTED_INCLUDE_IN_FRAMEWORK_HEADER = YES;
				CLANG_WARN_RANGE_LOOP_ANALYSIS = YES;
				CLANG_WARN_STRICT_PROTOTYPES = YES;
				CLANG_WARN_SUSPICIOUS_MOVE = YES;
				CLANG_WARN_UNGUARDED_AVAILABILITY = YES_AGGRESSIVE;
				CLANG_WARN_UNREACHABLE_CODE = YES;
				CLANG_WARN__DUPLICATE_METHOD_MATCH = YES;
				COPY_PHASE_STRIP = NO;
				DEBUG_INFORMATION_FORMAT = "dwarf-with-dsym";
				ENABLE_NS_ASSERTIONS = NO;
				ENABLE_STRICT_OBJC_MSGSEND = YES;
				ENABLE_USER_SCRIPT_SANDBOXING = YES;
				GCC_C_LANGUAGE_STANDARD = gnu17;
				GCC_NO_COMMON_BLOCKS = YES;
				GCC_WARN_64_TO_32_BIT_CONVERSION = YES;
				GCC_WARN_ABOUT_RETURN_TYPE = YES_ERROR;
				GCC_WARN_UNDECLARED_SELECTOR = YES;
				GCC_WARN_UNINITIALIZED_AUTOS = YES_AGGRESSIVE;
				GCC_WARN_UNUSED_FUNCTION = YES;
				GCC_WARN_UNUSED_VARIABLE = YES;
				IPHONEOS_DEPLOYMENT_TARGET = 17.0;
				LOCALIZATION_PREFERS_STRING_CATALOGS = YES;
				MTL_ENABLE_DEBUG_INFO = NO;
				MTL_FAST_MATH = YES;
				SDKROOT = iphoneos;
				SWIFT_COMPILATION_MODE = wholemodule;
				VALIDATE_PRODUCT = YES;
			};
			name = Release;
		};
		4EDB4A832B04E50D0041D060 /* Debug */ = {
			isa = XCBuildConfiguration;
			buildSettings = {
				ASSETCATALOG_COMPILER_APPICON_NAME = AppIcon;
				ASSETCATALOG_COMPILER_GLOBAL_ACCENT_COLOR_NAME = AccentColor;
				CODE_SIGN_STYLE = Automatic;
				CURRENT_PROJECT_VERSION = 1;
				DEVELOPMENT_ASSET_PATHS = "\"Special Parakeet/Preview Content\"";
				DEVELOPMENT_TEAM = X5QPQ583EG;
				ENABLE_PREVIEWS = YES;
				GENERATE_INFOPLIST_FILE = YES;
				INFOPLIST_KEY_UIApplicationSceneManifest_Generation = YES;
				INFOPLIST_KEY_UIApplicationSupportsIndirectInputEvents = YES;
				INFOPLIST_KEY_UILaunchScreen_Generation = YES;
				INFOPLIST_KEY_UISupportedInterfaceOrientations_iPad = "UIInterfaceOrientationPortrait UIInterfaceOrientationPortraitUpsideDown UIInterfaceOrientationLandscapeLeft UIInterfaceOrientationLandscapeRight";
				INFOPLIST_KEY_UISupportedInterfaceOrientations_iPhone = "UIInterfaceOrientationPortrait UIInterfaceOrientationLandscapeLeft UIInterfaceOrientationLandscapeRight";
				LD_RUNPATH_SEARCH_PATHS = (
					"$(inherited)",
					"@executable_path/Frameworks",
				);
				MARKETING_VERSION = 1.0;
				PRODUCT_BUNDLE_IDENTIFIER = "com.animata.Special-Parakeet";
				PRODUCT_NAME = "$(TARGET_NAME)";
				SWIFT_EMIT_LOC_STRINGS = YES;
				SWIFT_VERSION = 5.0;
				TARGETED_DEVICE_FAMILY = "1,2";
			};
			name = Debug;
		};
		4EDB4A842B04E50D0041D060 /* Release */ = {
			isa = XCBuildConfiguration;
			buildSettings = {
				ASSETCATALOG_COMPILER_APPICON_NAME = AppIcon;
				ASSETCATALOG_COMPILER_GLOBAL_ACCENT_COLOR_NAME = AccentColor;
				CODE_SIGN_STYLE = Automatic;
				CURRENT_PROJECT_VERSION = 1;
				DEVELOPMENT_ASSET_PATHS = "\"Special Parakeet/Preview Content\"";
				DEVELOPMENT_TEAM = X5QPQ583EG;
				ENABLE_PREVIEWS = YES;
				GENERATE_INFOPLIST_FILE = YES;
				INFOPLIST_KEY_UIApplicationSceneManifest_Generation = YES;
				INFOPLIST_KEY_UIApplicationSupportsIndirectInputEvents = YES;
				INFOPLIST_KEY_UILaunchScreen_Generation = YES;
				INFOPLIST_KEY_UISupportedInterfaceOrientations_iPad = "UIInterfaceOrientationPortrait UIInterfaceOrientationPortraitUpsideDown UIInterfaceOrientationLandscapeLeft UIInterfaceOrientationLandscapeRight";
				INFOPLIST_KEY_UISupportedInterfaceOrientations_iPhone = "UIInterfaceOrientationPortrait UIInterfaceOrientationLandscapeLeft UIInterfaceOrientationLandscapeRight";
				LD_RUNPATH_SEARCH_PATHS = (
					"$(inherited)",
					"@executable_path/Frameworks",
				);
				MARKETING_VERSION = 1.0;
				PRODUCT_BUNDLE_IDENTIFIER = "com.animata.Special-Parakeet";
				PRODUCT_NAME = "$(TARGET_NAME)";
				SWIFT_EMIT_LOC_STRINGS = YES;
				SWIFT_VERSION = 5.0;
				TARGETED_DEVICE_FAMILY = "1,2";
			};
			name = Release;
		};
		4EDB4A862B04E50D0041D060 /* Debug */ = {
			isa = XCBuildConfiguration;
			buildSettings = {
				ALWAYS_EMBED_SWIFT_STANDARD_LIBRARIES = YES;
				BUNDLE_LOADER = "$(TEST_HOST)";
				CODE_SIGN_STYLE = Automatic;
				CURRENT_PROJECT_VERSION = 1;
				GENERATE_INFOPLIST_FILE = YES;
				IPHONEOS_DEPLOYMENT_TARGET = 17.0;
				MARKETING_VERSION = 1.0;
				PRODUCT_BUNDLE_IDENTIFIER = "com.animata.Special-ParakeetTests";
				PRODUCT_NAME = "$(TARGET_NAME)";
				SWIFT_EMIT_LOC_STRINGS = NO;
				SWIFT_VERSION = 5.0;
				TARGETED_DEVICE_FAMILY = "1,2";
				TEST_HOST = "$(BUILT_PRODUCTS_DIR)/Special Parakeet.app/$(BUNDLE_EXECUTABLE_FOLDER_PATH)/Special Parakeet";
			};
			name = Debug;
		};
		4EDB4A872B04E50D0041D060 /* Release */ = {
			isa = XCBuildConfiguration;
			buildSettings = {
				ALWAYS_EMBED_SWIFT_STANDARD_LIBRARIES = YES;
				BUNDLE_LOADER = "$(TEST_HOST)";
				CODE_SIGN_STYLE = Automatic;
				CURRENT_PROJECT_VERSION = 1;
				GENERATE_INFOPLIST_FILE = YES;
				IPHONEOS_DEPLOYMENT_TARGET = 17.0;
				MARKETING_VERSION = 1.0;
				PRODUCT_BUNDLE_IDENTIFIER = "com.animata.Special-ParakeetTests";
				PRODUCT_NAME = "$(TARGET_NAME)";
				SWIFT_EMIT_LOC_STRINGS = NO;
				SWIFT_VERSION = 5.0;
				TARGETED_DEVICE_FAMILY = "1,2";
				TEST_HOST = "$(BUILT_PRODUCTS_DIR)/Special Parakeet.app/$(BUNDLE_EXECUTABLE_FOLDER_PATH)/Special Parakeet";
			};
			name = Release;
		};
		4EDB4A892B04E50D0041D060 /* Debug */ = {
			isa = XCBuildConfiguration;
			buildSettings = {
				ALWAYS_EMBED_SWIFT_STANDARD_LIBRARIES = YES;
				CODE_SIGN_STYLE = Automatic;
				CURRENT_PROJECT_VERSION = 1;
				GENERATE_INFOPLIST_FILE = YES;
				MARKETING_VERSION = 1.0;
				PRODUCT_BUNDLE_IDENTIFIER = "com.animata.Special-ParakeetUITests";
				PRODUCT_NAME = "$(TARGET_NAME)";
				SWIFT_EMIT_LOC_STRINGS = NO;
				SWIFT_VERSION = 5.0;
				TARGETED_DEVICE_FAMILY = "1,2";
				TEST_TARGET_NAME = "Special Parakeet";
			};
			name = Debug;
		};
		4EDB4A8A2B04E50D0041D060 /* Release */ = {
			isa = XCBuildConfiguration;
			buildSettings = {
				ALWAYS_EMBED_SWIFT_STANDARD_LIBRARIES = YES;
				CODE_SIGN_STYLE = Automatic;
				CURRENT_PROJECT_VERSION = 1;
				GENERATE_INFOPLIST_FILE = YES;
				MARKETING_VERSION = 1.0;
				PRODUCT_BUNDLE_IDENTIFIER = "com.animata.Special-ParakeetUITests";
				PRODUCT_NAME = "$(TARGET_NAME)";
				SWIFT_EMIT_LOC_STRINGS = NO;
				SWIFT_VERSION = 5.0;
				TARGETED_DEVICE_FAMILY = "1,2";
				TEST_TARGET_NAME = "Special Parakeet";
			};
			name = Release;
		};
/* End XCBuildConfiguration section */

/* Begin XCConfigurationList section */
		4EDB4A592B04E50C0041D060 /* Build configuration list for PBXProject "Special Parakeet" */ = {
			isa = XCConfigurationList;
			buildConfigurations = (
				4EDB4A802B04E50D0041D060 /* Debug */,
				4EDB4A812B04E50D0041D060 /* Release */,
			);
			defaultConfigurationIsVisible = 0;
			defaultConfigurationName = Release;
		};
		4EDB4A822B04E50D0041D060 /* Build configuration list for PBXNativeTarget "Special Parakeet" */ = {
			isa = XCConfigurationList;
			buildConfigurations = (
				4EDB4A832B04E50D0041D060 /* Debug */,
				4EDB4A842B04E50D0041D060 /* Release */,
			);
			defaultConfigurationIsVisible = 0;
			defaultConfigurationName = Release;
		};
		4EDB4A852B04E50D0041D060 /* Build configuration list for PBXNativeTarget "Special ParakeetTests" */ = {
			isa = XCConfigurationList;
			buildConfigurations = (
				4EDB4A862B04E50D0041D060 /* Debug */,
				4EDB4A872B04E50D0041D060 /* Release */,
			);
			defaultConfigurationIsVisible = 0;
			defaultConfigurationName = Release;
		};
		4EDB4A882B04E50D0041D060 /* Build configuration list for PBXNativeTarget "Special ParakeetUITests" */ = {
			isa = XCConfigurationList;
			buildConfigurations = (
				4EDB4A892B04E50D0041D060 /* Debug */,
				4EDB4A8A2B04E50D0041D060 /* Release */,
			);
			defaultConfigurationIsVisible = 0;
			defaultConfigurationName = Release;
		};
/* End XCConfigurationList section */
	};
	rootObject = 4EDB4A562B04E50C0041D060 /* Project object */;
}
